
Microsoft Visual Studio Solution File, Format Version 12.00
# Visual Studio 15
VisualStudioVersion = 15.0.28307.106
MinimumVisualStudioVersion = 10.0.40219.1
Project("{9A19103F-16F7-4668-BE54-9A1E7A4F7556}") = "WebAPI", "WebAPI\WebAPI.csproj", "{9BF7A9EA-E193-48BB-A49A-F30C7F0A2125}"
EndProject
Project("{9A19103F-16F7-4668-BE54-9A1E7A4F7556}") = "DAL", "DAL\DAL.csproj", "{14DE2AF5-58DE-4E76-960F-F523DA7CC1D9}"
EndProject
Global
	GlobalSection(SolutionConfigurationPlatforms) = preSolution
		Debug|Any CPU = Debug|Any CPU
		Release|Any CPU = Release|Any CPU
	EndGlobalSection
	GlobalSection(ProjectConfigurationPlatforms) = postSolution
		{9BF7A9EA-E193-48BB-A49A-F30C7F0A2125}.Debug|Any CPU.ActiveCfg = Debug|Any CPU
		{9BF7A9EA-E193-48BB-A49A-F30C7F0A2125}.Debug|Any CPU.Build.0 = Debug|Any CPU
		{9BF7A9EA-E193-48BB-A49A-F30C7F0A2125}.Release|Any CPU.ActiveCfg = Release|Any CPU
		{9BF7A9EA-E193-48BB-A49A-F30C7F0A2125}.Release|Any CPU.Build.0 = Release|Any CPU
		{14DE2AF5-58DE-4E76-960F-F523DA7CC1D9}.Debug|Any CPU.ActiveCfg = Debug|Any CPU
		{14DE2AF5-58DE-4E76-960F-F523DA7CC1D9}.Debug|Any CPU.Build.0 = Debug|Any CPU
		{14DE2AF5-58DE-4E76-960F-F523DA7CC1D9}.Release|Any CPU.ActiveCfg = Release|Any CPU
		{14DE2AF5-58DE-4E76-960F-F523DA7CC1D9}.Release|Any CPU.Build.0 = Release|Any CPU
	EndGlobalSection
	GlobalSection(SolutionProperties) = preSolution
		HideSolutionNode = FALSE
	EndGlobalSection
	GlobalSection(ExtensibilityGlobals) = postSolution
		SolutionGuid = {212216F5-696D-4E5C-B290-B3269F22D832}
	EndGlobalSection
EndGlobal
